Microsoft Visual Studio Solution File, Format Version 12.00
# Visual Studio Version 17
VisualStudioVersion = 17.0.31717.71
MinimumVisualStudioVersion = 10.0.40219.1
Project("{9A19103F-16F7-4668-BE54-9A1E7A4F7556}") = "AnimationMod", "AnimationMod\AnimationMod.csproj", "{0CB2DDBC-ECE8-46B4-A8E9-9BF2239BE82B}"
EndProject
Project("{9A19103F-16F7-4668-BE54-9A1E7A4F7556}") = "LightsaberPatch", "LightsaberPatch\LightsaberPatch.csproj", "{D9B99467-57BB-4DE7-8147-F5D47554D1CB}"
EndProject
Project("{9A19103F-16F7-4668-BE54-9A1E7A4F7556}") = "AlienRacesPatch", "AlienRacesPatch\AlienRacesPatch.csproj", "{15189C13-7D5D-4F8D-AE17-1CA9F4A744EB}"
EndProject
Project("{9A19103F-16F7-4668-BE54-9A1E7A4F7556}") = "ModRequestAPI", "ModRequestAPI\ModRequestAPI.csproj", "{603ACB32-6730-4BAF-8E0A-A0E3399D634F}"
EndProject
Project("{9A19103F-16F7-4668-BE54-9A1E7A4F7556}") = "AMRetextureSupport", "AMRetextureSupport\AMRetextureSupport.csproj", "{3802FB86-C860-4F98-A6F6-5E9AA47AF564}"
EndProject
Project("{9A19103F-16F7-4668-BE54-9A1E7A4F7556}") = "CompatibilityReportGenerator", "CompatibilityReportGenerator\CompatibilityReportGenerator.csproj", "{67701E3B-9094-4CA2-9DD8-42EBAFCB9F4A}"
EndProject
Project("{9A19103F-16F7-4668-BE54-9A1E7A4F7556}") = "CAI5000Patch", "CAI5000Patch\CAI5000Patch.csproj", "{0B91E675-3505-4587-94BB-6FEFC5ADB24D}"
EndProject
Project("{9A19103F-16F7-4668-BE54-9A1E7A4F7556}") = "CombatExtendedPatch", "CombatExtendedPatch\CombatExtendedPatch.csproj", "{BBB0D084-8A32-458E-8A7F-48E7D90F0489}"
EndProject
Project("{9A19103F-16F7-4668-BE54-9A1E7A4F7556}") = "ModRequestAPI.Models", "ModRequestAPI.Models\ModRequestAPI.Models.csproj", "{DB0FEE4E-5DF7-4DD3-B876-7FC20D310C8E}"
EndProject
Project("{9A19103F-16F7-4668-BE54-9A1E7A4F7556}") = "ModRequestAPI.Backend", "ModRequestAPI.Backend\src\ModRequestAPI.Backend\ModRequestAPI.Backend.csproj", "{06C481CC-E8D0-46D6-B02B-127DD9E3A1AA}"
EndProject
Project("{9A19103F-16F7-4668-BE54-9A1E7A4F7556}") = "PerformanceOptimizerPatch", "PerformanceOptimizerPatch\PerformanceOptimizerPatch.csproj", "{7B881968-1527-40FC-9FB3-85A5A01BEE88}"
EndProject
Project("{2150E333-8FDC-42A3-9474-1A3956D46DE8}") = "Reporting", "Reporting", "{3549402C-9759-4ABC-938C-FC4F801C156F}"
EndProject
Project("{2150E333-8FDC-42A3-9474-1A3956D46DE8}") = "Patches", "Patches", "{7C1CE274-810E-467E-B8EF-4AB2A83E17F9}"
EndProject
Project("{9A19103F-16F7-4668-BE54-9A1E7A4F7556}") = "TacticowlPatch", "TacticowlPatch\TacticowlPatch.csproj", "{DEC2223C-6DD4-48EF-9438-8F4E97B6C542}"
EndProject
Global
	GlobalSection(SolutionConfigurationPlatforms) = preSolution
		Debug|Any CPU = Debug|Any CPU
		Release|Any CPU = Release|Any CPU
	EndGlobalSection
	GlobalSection(ProjectConfigurationPlatforms) = postSolution
		{0CB2DDBC-ECE8-46B4-A8E9-9BF2239BE82B}.Debug|Any CPU.ActiveCfg = Debug|Any CPU
		{0CB2DDBC-ECE8-46B4-A8E9-9BF2239BE82B}.Debug|Any CPU.Build.0 = Debug|Any CPU
		{0CB2DDBC-ECE8-46B4-A8E9-9BF2239BE82B}.Release|Any CPU.ActiveCfg = Release|Any CPU
		{0CB2DDBC-ECE8-46B4-A8E9-9BF2239BE82B}.Release|Any CPU.Build.0 = Release|Any CPU
		{D9B99467-57BB-4DE7-8147-F5D47554D1CB}.Debug|Any CPU.ActiveCfg = Debug|Any CPU
		{D9B99467-57BB-4DE7-8147-F5D47554D1CB}.Debug|Any CPU.Build.0 = Debug|Any CPU
		{D9B99467-57BB-4DE7-8147-F5D47554D1CB}.Release|Any CPU.ActiveCfg = Release|Any CPU
		{D9B99467-57BB-4DE7-8147-F5D47554D1CB}.Release|Any CPU.Build.0 = Release|Any CPU
		{15189C13-7D5D-4F8D-AE17-1CA9F4A744EB}.Debug|Any CPU.ActiveCfg = Debug|Any CPU
		{15189C13-7D5D-4F8D-AE17-1CA9F4A744EB}.Debug|Any CPU.Build.0 = Debug|Any CPU
		{15189C13-7D5D-4F8D-AE17-1CA9F4A744EB}.Release|Any CPU.ActiveCfg = Release|Any CPU
		{15189C13-7D5D-4F8D-AE17-1CA9F4A744EB}.Release|Any CPU.Build.0 = Release|Any CPU
		{603ACB32-6730-4BAF-8E0A-A0E3399D634F}.Debug|Any CPU.ActiveCfg = Debug|Any CPU
		{603ACB32-6730-4BAF-8E0A-A0E3399D634F}.Debug|Any CPU.Build.0 = Debug|Any CPU
		{603ACB32-6730-4BAF-8E0A-A0E3399D634F}.Release|Any CPU.ActiveCfg = Release|Any CPU
		{603ACB32-6730-4BAF-8E0A-A0E3399D634F}.Release|Any CPU.Build.0 = Release|Any CPU
		{3802FB86-C860-4F98-A6F6-5E9AA47AF564}.Debug|Any CPU.ActiveCfg = Debug|Any CPU
		{3802FB86-C860-4F98-A6F6-5E9AA47AF564}.Debug|Any CPU.Build.0 = Debug|Any CPU
		{3802FB86-C860-4F98-A6F6-5E9AA47AF564}.Release|Any CPU.ActiveCfg = Release|Any CPU
		{3802FB86-C860-4F98-A6F6-5E9AA47AF564}.Release|Any CPU.Build.0 = Release|Any CPU
		{67701E3B-9094-4CA2-9DD8-42EBAFCB9F4A}.Debug|Any CPU.ActiveCfg = Debug|Any CPU
		{67701E3B-9094-4CA2-9DD8-42EBAFCB9F4A}.Debug|Any CPU.Build.0 = Debug|Any CPU
		{67701E3B-9094-4CA2-9DD8-42EBAFCB9F4A}.Release|Any CPU.ActiveCfg = Release|Any CPU
		{67701E3B-9094-4CA2-9DD8-42EBAFCB9F4A}.Release|Any CPU.Build.0 = Release|Any CPU
		{0B91E675-3505-4587-94BB-6FEFC5ADB24D}.Debug|Any CPU.ActiveCfg = Debug|Any CPU
		{0B91E675-3505-4587-94BB-6FEFC5ADB24D}.Debug|Any CPU.Build.0 = Debug|Any CPU
		{0B91E675-3505-4587-94BB-6FEFC5ADB24D}.Release|Any CPU.ActiveCfg = Release|Any CPU
		{0B91E675-3505-4587-94BB-6FEFC5ADB24D}.Release|Any CPU.Build.0 = Release|Any CPU
		{BBB0D084-8A32-458E-8A7F-48E7D90F0489}.Debug|Any CPU.ActiveCfg = Debug|Any CPU
		{BBB0D084-8A32-458E-8A7F-48E7D90F0489}.Debug|Any CPU.Build.0 = Debug|Any CPU
		{BBB0D084-8A32-458E-8A7F-48E7D90F0489}.Release|Any CPU.ActiveCfg = Release|Any CPU
		{BBB0D084-8A32-458E-8A7F-48E7D90F0489}.Release|Any CPU.Build.0 = Release|Any CPU
		{DB0FEE4E-5DF7-4DD3-B876-7FC20D310C8E}.Debug|Any CPU.ActiveCfg = Debug|Any CPU
		{DB0FEE4E-5DF7-4DD3-B876-7FC20D310C8E}.Debug|Any CPU.Build.0 = Debug|Any CPU
		{DB0FEE4E-5DF7-4DD3-B876-7FC20D310C8E}.Release|Any CPU.ActiveCfg = Release|Any CPU
		{DB0FEE4E-5DF7-4DD3-B876-7FC20D310C8E}.Release|Any CPU.Build.0 = Release|Any CPU
		{06C481CC-E8D0-46D6-B02B-127DD9E3A1AA}.Debug|Any CPU.ActiveCfg = Debug|Any CPU
		{06C481CC-E8D0-46D6-B02B-127DD9E3A1AA}.Debug|Any CPU.Build.0 = Debug|Any CPU
		{06C481CC-E8D0-46D6-B02B-127DD9E3A1AA}.Release|Any CPU.ActiveCfg = Release|Any CPU
		{06C481CC-E8D0-46D6-B02B-127DD9E3A1AA}.Release|Any CPU.Build.0 = Release|Any CPU
		{7B881968-1527-40FC-9FB3-85A5A01BEE88}.Debug|Any CPU.ActiveCfg = Debug|Any CPU
		{7B881968-1527-40FC-9FB3-85A5A01BEE88}.Debug|Any CPU.Build.0 = Debug|Any CPU
		{7B881968-1527-40FC-9FB3-85A5A01BEE88}.Release|Any CPU.ActiveCfg = Release|Any CPU
		{7B881968-1527-40FC-9FB3-85A5A01BEE88}.Release|Any CPU.Build.0 = Release|Any CPU
		{DEC2223C-6DD4-48EF-9438-8F4E97B6C542}.Debug|Any CPU.ActiveCfg = Debug|Any CPU
		{DEC2223C-6DD4-48EF-9438-8F4E97B6C542}.Debug|Any CPU.Build.0 = Debug|Any CPU
		{DEC2223C-6DD4-48EF-9438-8F4E97B6C542}.Release|Any CPU.ActiveCfg = Release|Any CPU
		{DEC2223C-6DD4-48EF-9438-8F4E97B6C542}.Release|Any CPU.Build.0 = Release|Any CPU
	EndGlobalSection
	GlobalSection(SolutionProperties) = preSolution
		HideSolutionNode = FALSE
	EndGlobalSection
	GlobalSection(NestedProjects) = preSolution
		{D9B99467-57BB-4DE7-8147-F5D47554D1CB} = {7C1CE274-810E-467E-B8EF-4AB2A83E17F9}
		{15189C13-7D5D-4F8D-AE17-1CA9F4A744EB} = {7C1CE274-810E-467E-B8EF-4AB2A83E17F9}
		{603ACB32-6730-4BAF-8E0A-A0E3399D634F} = {3549402C-9759-4ABC-938C-FC4F801C156F}
		{0B91E675-3505-4587-94BB-6FEFC5ADB24D} = {7C1CE274-810E-467E-B8EF-4AB2A83E17F9}
		{BBB0D084-8A32-458E-8A7F-48E7D90F0489} = {7C1CE274-810E-467E-B8EF-4AB2A83E17F9}
		{DB0FEE4E-5DF7-4DD3-B876-7FC20D310C8E} = {3549402C-9759-4ABC-938C-FC4F801C156F}
		{06C481CC-E8D0-46D6-B02B-127DD9E3A1AA} = {3549402C-9759-4ABC-938C-FC4F801C156F}
		{7B881968-1527-40FC-9FB3-85A5A01BEE88} = {7C1CE274-810E-467E-B8EF-4AB2A83E17F9}
		{DEC2223C-6DD4-48EF-9438-8F4E97B6C542} = {7C1CE274-810E-467E-B8EF-4AB2A83E17F9}
	EndGlobalSection
	GlobalSection(ExtensibilityGlobals) = postSolution
		SolutionGuid = {1478B48A-1088-4408-9427-E3B4EADB515C}
	EndGlobalSection
EndGlobal
