Microsoft Visual Studio Solution File, Format Version 12.00
# Visual Studio Version 17
VisualStudioVersion = 17.0.31717.71
MinimumVisualStudioVersion = 10.0.40219.1
Project("{9A19103F-16F7-4668-BE54-9A1E7A4F7556}") = "AnimationMod", "ThingGenerator\AnimationMod.csproj", "{0CB2DDBC-ECE8-46B4-A8E9-9BF2239BE82B}"
EndProject
Project("{9A19103F-16F7-4668-BE54-9A1E7A4F7556}") = "LightsaberPatch", "LightsaberPatch\LightsaberPatch.csproj", "{D9B99467-57BB-4DE7-8147-F5D47554D1CB}"
EndProject
Project("{9A19103F-16F7-4668-BE54-9A1E7A4F7556}") = "AlienRacesPatch", "AlienRacesPatch\AlienRacesPatch.csproj", "{15189C13-7D5D-4F8D-AE17-1CA9F4A744EB}"
EndProject
Project("{9A19103F-16F7-4668-BE54-9A1E7A4F7556}") = "ModRequestAPI", "ModRequestAPI\ModRequestAPI.csproj", "{603ACB32-6730-4BAF-8E0A-A0E3399D634F}"
EndProject
Project("{9A19103F-16F7-4668-BE54-9A1E7A4F7556}") = "AMRetextureSupport", "AMRetextureSupport\AMRetextureSupport.csproj", "{3802FB86-C860-4F98-A6F6-5E9AA47AF564}"
EndProject
Project("{9A19103F-16F7-4668-BE54-9A1E7A4F7556}") = "CompatibilityReportGenerator", "CompatibilityReportGenerator\CompatibilityReportGenerator.csproj", "{67701E3B-9094-4CA2-9DD8-42EBAFCB9F4A}"
EndProject
Project("{9A19103F-16F7-4668-BE54-9A1E7A4F7556}") = "CAI5000Patch", "CAI5000Patch\CAI5000Patch.csproj", "{0B91E675-3505-4587-94BB-6FEFC5ADB24D}"
EndProject
Project("{9A19103F-16F7-4668-BE54-9A1E7A4F7556}") = "CombatExtendedPatch", "CombatExtendedPatch\CombatExtendedPatch.csproj", "{BBB0D084-8A32-458E-8A7F-48E7D90F0489}"
EndProject
Project("{9A19103F-16F7-4668-BE54-9A1E7A4F7556}") = "ModRequestAPI.Models", "ModRequestAPI.Models\ModRequestAPI.Models.csproj", "{DB0FEE4E-5DF7-4DD3-B876-7FC20D310C8E}"
EndProject
Project("{9A19103F-16F7-4668-BE54-9A1E7A4F7556}") = "ModRequestAPI.Backend", "ModRequestAPI.Backend\src\ModRequestAPI.Backend\ModRequestAPI.Backend.csproj", "{06C481CC-E8D0-46D6-B02B-127DD9E3A1AA}"
EndProject
Project("{9A19103F-16F7-4668-BE54-9A1E7A4F7556}") = "PerformanceOptimizerPatch", "PerformanceOptimizerPatch\PerformanceOptimizerPatch.csproj", "{7B881968-1527-40FC-9FB3-85A5A01BEE88}"
EndProject
Global
	GlobalSection(SolutionConfigurationPlatforms) = preSolution
		v1.4|Any CPU = v1.4|Any CPU
	EndGlobalSection
	GlobalSection(ProjectConfigurationPlatforms) = postSolution
		{0CB2DDBC-ECE8-46B4-A8E9-9BF2239BE82B}.v1.4|Any CPU.ActiveCfg = v1.4|Any CPU
		{0CB2DDBC-ECE8-46B4-A8E9-9BF2239BE82B}.v1.4|Any CPU.Build.0 = v1.4|Any CPU
		{D9B99467-57BB-4DE7-8147-F5D47554D1CB}.v1.4|Any CPU.ActiveCfg = v1.4|Any CPU
		{D9B99467-57BB-4DE7-8147-F5D47554D1CB}.v1.4|Any CPU.Build.0 = v1.4|Any CPU
		{15189C13-7D5D-4F8D-AE17-1CA9F4A744EB}.v1.4|Any CPU.ActiveCfg = v1.4|Any CPU
		{15189C13-7D5D-4F8D-AE17-1CA9F4A744EB}.v1.4|Any CPU.Build.0 = v1.4|Any CPU
		{603ACB32-6730-4BAF-8E0A-A0E3399D634F}.v1.4|Any CPU.ActiveCfg = Release|Any CPU
		{603ACB32-6730-4BAF-8E0A-A0E3399D634F}.v1.4|Any CPU.Build.0 = Release|Any CPU
		{3802FB86-C860-4F98-A6F6-5E9AA47AF564}.v1.4|Any CPU.ActiveCfg = v1.4|Any CPU
		{3802FB86-C860-4F98-A6F6-5E9AA47AF564}.v1.4|Any CPU.Build.0 = v1.4|Any CPU
		{67701E3B-9094-4CA2-9DD8-42EBAFCB9F4A}.v1.4|Any CPU.ActiveCfg = Debug|Any CPU
		{67701E3B-9094-4CA2-9DD8-42EBAFCB9F4A}.v1.4|Any CPU.Build.0 = Debug|Any CPU
		{0B91E675-3505-4587-94BB-6FEFC5ADB24D}.v1.4|Any CPU.ActiveCfg = v1.4|Any CPU
		{0B91E675-3505-4587-94BB-6FEFC5ADB24D}.v1.4|Any CPU.Build.0 = v1.4|Any CPU
		{BBB0D084-8A32-458E-8A7F-48E7D90F0489}.v1.4|Any CPU.ActiveCfg = v1.4|Any CPU
		{BBB0D084-8A32-458E-8A7F-48E7D90F0489}.v1.4|Any CPU.Build.0 = v1.4|Any CPU
		{DB0FEE4E-5DF7-4DD3-B876-7FC20D310C8E}.v1.4|Any CPU.ActiveCfg = Debug|Any CPU
		{DB0FEE4E-5DF7-4DD3-B876-7FC20D310C8E}.v1.4|Any CPU.Build.0 = Debug|Any CPU
		{06C481CC-E8D0-46D6-B02B-127DD9E3A1AA}.v1.4|Any CPU.ActiveCfg = Debug|Any CPU
		{06C481CC-E8D0-46D6-B02B-127DD9E3A1AA}.v1.4|Any CPU.Build.0 = Debug|Any CPU
		{7B881968-1527-40FC-9FB3-85A5A01BEE88}.v1.4|Any CPU.ActiveCfg = v1.4|Any CPU
		{7B881968-1527-40FC-9FB3-85A5A01BEE88}.v1.4|Any CPU.Build.0 = v1.4|Any CPU
	EndGlobalSection
	GlobalSection(SolutionProperties) = preSolution
		HideSolutionNode = FALSE
	EndGlobalSection
	GlobalSection(ExtensibilityGlobals) = postSolution
		SolutionGuid = {1478B48A-1088-4408-9427-E3B4EADB515C}
	EndGlobalSection
EndGlobal
