Microsoft Visual Studio Solution File, Format Version 12.00
# Visual Studio Version 17
VisualStudioVersion = 17.0.31717.71
MinimumVisualStudioVersion = 10.0.40219.1
Project("{9A19103F-16F7-4668-BE54-9A1E7A4F7556}") = "AAM", "ThingGenerator\AAM.csproj", "{0CB2DDBC-ECE8-46B4-A8E9-9BF2239BE82B}"
EndProject
Project("{9A19103F-16F7-4668-BE54-9A1E7A4F7556}") = "LightsaberPatch", "LightsaberPatch\LightsaberPatch.csproj", "{D9B99467-57BB-4DE7-8147-F5D47554D1CB}"
EndProject
Project("{9A19103F-16F7-4668-BE54-9A1E7A4F7556}") = "AlienRacesPatch", "AlienRacesPatch\AlienRacesPatch.csproj", "{15189C13-7D5D-4F8D-AE17-1CA9F4A744EB}"
EndProject
Project("{FAE04EC0-301F-11D3-BF4B-00C04F79EFBC}") = "GistAPI", "GistAPI\GistAPI.csproj", "{7BE978B0-A5A0-4382-ACB9-3DBCD0392702}"
EndProject
Project("{FAE04EC0-301F-11D3-BF4B-00C04F79EFBC}") = "ModRequestAPI", "ModRequestAPI\ModRequestAPI.csproj", "{603ACB32-6730-4BAF-8E0A-A0E3399D634F}"
EndProject
Global
	GlobalSection(SolutionConfigurationPlatforms) = preSolution
		Debug|Any CPU = Debug|Any CPU
		Release|Any CPU = Release|Any CPU
		v1.3|Any CPU = v1.3|Any CPU
		v1.4|Any CPU = v1.4|Any CPU
	EndGlobalSection
	GlobalSection(ProjectConfigurationPlatforms) = postSolution
		{0CB2DDBC-ECE8-46B4-A8E9-9BF2239BE82B}.Debug|Any CPU.ActiveCfg = v1.4|Any CPU
		{0CB2DDBC-ECE8-46B4-A8E9-9BF2239BE82B}.Debug|Any CPU.Build.0 = v1.4|Any CPU
		{0CB2DDBC-ECE8-46B4-A8E9-9BF2239BE82B}.Release|Any CPU.ActiveCfg = v1.4|Any CPU
		{0CB2DDBC-ECE8-46B4-A8E9-9BF2239BE82B}.Release|Any CPU.Build.0 = v1.4|Any CPU
		{0CB2DDBC-ECE8-46B4-A8E9-9BF2239BE82B}.v1.3|Any CPU.ActiveCfg = v1.3|Any CPU
		{0CB2DDBC-ECE8-46B4-A8E9-9BF2239BE82B}.v1.3|Any CPU.Build.0 = v1.3|Any CPU
		{0CB2DDBC-ECE8-46B4-A8E9-9BF2239BE82B}.v1.4|Any CPU.ActiveCfg = v1.4|Any CPU
		{0CB2DDBC-ECE8-46B4-A8E9-9BF2239BE82B}.v1.4|Any CPU.Build.0 = v1.4|Any CPU
		{D9B99467-57BB-4DE7-8147-F5D47554D1CB}.Debug|Any CPU.ActiveCfg = v1.4|Any CPU
		{D9B99467-57BB-4DE7-8147-F5D47554D1CB}.Debug|Any CPU.Build.0 = v1.4|Any CPU
		{D9B99467-57BB-4DE7-8147-F5D47554D1CB}.Release|Any CPU.ActiveCfg = v1.4|Any CPU
		{D9B99467-57BB-4DE7-8147-F5D47554D1CB}.Release|Any CPU.Build.0 = v1.4|Any CPU
		{D9B99467-57BB-4DE7-8147-F5D47554D1CB}.v1.3|Any CPU.ActiveCfg = v1.3|Any CPU
		{D9B99467-57BB-4DE7-8147-F5D47554D1CB}.v1.3|Any CPU.Build.0 = v1.3|Any CPU
		{D9B99467-57BB-4DE7-8147-F5D47554D1CB}.v1.4|Any CPU.ActiveCfg = v1.4|Any CPU
		{D9B99467-57BB-4DE7-8147-F5D47554D1CB}.v1.4|Any CPU.Build.0 = v1.4|Any CPU
		{15189C13-7D5D-4F8D-AE17-1CA9F4A744EB}.Debug|Any CPU.ActiveCfg = v1.4|Any CPU
		{15189C13-7D5D-4F8D-AE17-1CA9F4A744EB}.Debug|Any CPU.Build.0 = v1.4|Any CPU
		{15189C13-7D5D-4F8D-AE17-1CA9F4A744EB}.Release|Any CPU.ActiveCfg = v1.4|Any CPU
		{15189C13-7D5D-4F8D-AE17-1CA9F4A744EB}.Release|Any CPU.Build.0 = v1.4|Any CPU
		{15189C13-7D5D-4F8D-AE17-1CA9F4A744EB}.v1.3|Any CPU.ActiveCfg = v1.3|Any CPU
		{15189C13-7D5D-4F8D-AE17-1CA9F4A744EB}.v1.3|Any CPU.Build.0 = v1.3|Any CPU
		{15189C13-7D5D-4F8D-AE17-1CA9F4A744EB}.v1.4|Any CPU.ActiveCfg = v1.4|Any CPU
		{15189C13-7D5D-4F8D-AE17-1CA9F4A744EB}.v1.4|Any CPU.Build.0 = v1.4|Any CPU
		{7BE978B0-A5A0-4382-ACB9-3DBCD0392702}.Debug|Any CPU.ActiveCfg = Debug|Any CPU
		{7BE978B0-A5A0-4382-ACB9-3DBCD0392702}.Debug|Any CPU.Build.0 = Debug|Any CPU
		{7BE978B0-A5A0-4382-ACB9-3DBCD0392702}.Release|Any CPU.ActiveCfg = Release|Any CPU
		{7BE978B0-A5A0-4382-ACB9-3DBCD0392702}.Release|Any CPU.Build.0 = Release|Any CPU
		{7BE978B0-A5A0-4382-ACB9-3DBCD0392702}.v1.3|Any CPU.ActiveCfg = Debug|Any CPU
		{7BE978B0-A5A0-4382-ACB9-3DBCD0392702}.v1.3|Any CPU.Build.0 = Debug|Any CPU
		{7BE978B0-A5A0-4382-ACB9-3DBCD0392702}.v1.4|Any CPU.ActiveCfg = Debug|Any CPU
		{7BE978B0-A5A0-4382-ACB9-3DBCD0392702}.v1.4|Any CPU.Build.0 = Debug|Any CPU
		{603ACB32-6730-4BAF-8E0A-A0E3399D634F}.Debug|Any CPU.ActiveCfg = Debug|Any CPU
		{603ACB32-6730-4BAF-8E0A-A0E3399D634F}.Debug|Any CPU.Build.0 = Debug|Any CPU
		{603ACB32-6730-4BAF-8E0A-A0E3399D634F}.Release|Any CPU.ActiveCfg = Release|Any CPU
		{603ACB32-6730-4BAF-8E0A-A0E3399D634F}.Release|Any CPU.Build.0 = Release|Any CPU
		{603ACB32-6730-4BAF-8E0A-A0E3399D634F}.v1.3|Any CPU.ActiveCfg = Debug|Any CPU
		{603ACB32-6730-4BAF-8E0A-A0E3399D634F}.v1.3|Any CPU.Build.0 = Debug|Any CPU
		{603ACB32-6730-4BAF-8E0A-A0E3399D634F}.v1.4|Any CPU.ActiveCfg = Debug|Any CPU
		{603ACB32-6730-4BAF-8E0A-A0E3399D634F}.v1.4|Any CPU.Build.0 = Debug|Any CPU
	EndGlobalSection
	GlobalSection(SolutionProperties) = preSolution
		HideSolutionNode = FALSE
	EndGlobalSection
	GlobalSection(ExtensibilityGlobals) = postSolution
		SolutionGuid = {1478B48A-1088-4408-9427-E3B4EADB515C}
	EndGlobalSection
EndGlobal
